
Microsoft Visual Studio Solution File, Format Version 12.00
# Visual Studio Version 17
VisualStudioVersion = 17.1.32414.318
MinimumVisualStudioVersion = 10.0.40219.1
Project("{FAE04EC0-301F-11D3-BF4B-00C04F79EFBC}") = "3lashanak", "3lashanak\3lashanak.csproj", "{70DC85B7-0774-49C2-BAF7-986CA0746578}"
EndProject
Global
	GlobalSection(SolutionConfigurationPlatforms) = preSolution
		Debug|Any CPU = Debug|Any CPU
		Release|Any CPU = Release|Any CPU
	EndGlobalSection
	GlobalSection(ProjectConfigurationPlatforms) = postSolution
		{70DC85B7-0774-49C2-BAF7-986CA0746578}.Debug|Any CPU.ActiveCfg = Debug|Any CPU
		{70DC85B7-0774-49C2-BAF7-986CA0746578}.Debug|Any CPU.Build.0 = Debug|Any CPU
		{70DC85B7-0774-49C2-BAF7-986CA0746578}.Release|Any CPU.ActiveCfg = Release|Any CPU
		{70DC85B7-0774-49C2-BAF7-986CA0746578}.Release|Any CPU.Build.0 = Release|Any CPU
	EndGlobalSection
	GlobalSection(SolutionProperties) = preSolution
		HideSolutionNode = FALSE
	EndGlobalSection
	GlobalSection(ExtensibilityGlobals) = postSolution
		SolutionGuid = {DFF51292-9700-4FD3-83FE-B2BB61887963}
	EndGlobalSection
EndGlobal
